{
  "version": 4,
  "terraform_version": "1.11.4",
  "serial": 20,
  "lineage": "31696647-fd6e-aa02-f5cb-2d958953a884",
  "outputs": {
    "ec2_public_ip": {
      "value": "44.205.251.73",
      "type": "string"
    },
    "rds_endpoint": {
      "value": "django-db.cuz68youyx38.us-east-1.rds.amazonaws.com:5432",
      "type": "string"
    }
  },
  "resources": [
    {
      "mode": "data",
      "type": "aws_db_instance",
      "name": "existing_postgres",
      "provider": "provider[\"registry.terraform.io/hashicorp/aws\"]",
      "instances": [
        {
          "schema_version": 0,
          "attributes": {
            "address": "django-db.cuz68youyx38.us-east-1.rds.amazonaws.com",
            "allocated_storage": 20,
            "auto_minor_version_upgrade": false,
            "availability_zone": "us-east-1f",
            "backup_retention_period": 7,
            "ca_cert_identifier": "rds-ca-rsa2048-g1",
            "database_insights_mode": "standard",
            "db_cluster_identifier": "",
            "db_instance_arn": "arn:aws:rds:us-east-1:835848946034:db:django-db",
            "db_instance_class": "db.t4g.micro",
            "db_instance_identifier": "django-db",
            "db_instance_port": 0,
            "db_name": "my_django_db",
            "db_parameter_groups": [
              "default.postgres17"
            ],
            "db_subnet_group": "default-vpc-00520b7496636f0d3",
            "enabled_cloudwatch_logs_exports": [
              "postgresql"
            ],
            "endpoint": "django-db.cuz68youyx38.us-east-1.rds.amazonaws.com:5432",
            "engine": "postgres",
            "engine_version": "17.2",
            "hosted_zone_id": "Z2R2ITUGPM61AM",
            "id": "django-db",
            "iops": 0,
            "kms_key_id": "",
            "license_model": "postgresql-license",
            "master_user_secret": null,
            "master_username": "postgres",
            "max_allocated_storage": 1000,
            "monitoring_interval": 60,
            "monitoring_role_arn": "arn:aws:iam::835848946034:role/rds-monitoring-role",
            "multi_az": false,
            "network_type": "IPV4",
            "option_group_memberships": [
              "default:postgres-17"
            ],
            "port": 5432,
            "preferred_backup_window": "07:17-07:47",
            "preferred_maintenance_window": "tue:10:13-tue:10:43",
            "publicly_accessible": false,
            "replicate_source_db": "",
            "resource_id": "db-BGDKOGVBHM3CRUKHG3YJXDH3EI",
            "storage_encrypted": false,
            "storage_throughput": 0,
            "storage_type": "gp2",
            "tags": {},
            "timezone": "",
            "vpc_security_groups": [
              "sg-0b63e71a969c91900"
            ]
          },
          "sensitive_attributes": []
        }
      ]
    },
    {
      "mode": "managed",
      "type": "aws_cloudwatch_log_group",
      "name": "django_log_group",
      "provider": "provider[\"registry.terraform.io/hashicorp/aws\"]",
      "instances": [
        {
          "schema_version": 0,
          "attributes": {
            "arn": "arn:aws:logs:us-east-1:835848946034:log-group:/aws/ec2/django-app",
            "id": "/aws/ec2/django-app",
            "kms_key_id": "",
            "log_group_class": "STANDARD",
            "name": "/aws/ec2/django-app",
            "name_prefix": "",
            "retention_in_days": 0,
            "skip_destroy": false,
            "tags": {},
            "tags_all": {}
          },
          "sensitive_attributes": [],
          "private": "eyJzY2hlbWFfdmVyc2lvbiI6IjAifQ=="
        }
      ]
    },
    {
      "mode": "managed",
      "type": "aws_iam_instance_profile",
      "name": "ec2_profile",
      "provider": "provider[\"registry.terraform.io/hashicorp/aws\"]",
      "instances": [
        {
          "schema_version": 0,
          "attributes": {
            "arn": "arn:aws:iam::835848946034:instance-profile/ec2-cloudwatch-profile",
            "create_date": "2025-05-09T11:05:13Z",
            "id": "ec2-cloudwatch-profile",
            "name": "ec2-cloudwatch-profile",
            "name_prefix": "",
            "path": "/",
            "role": "ec2-cloudwatch-role",
            "tags": {},
            "tags_all": {},
            "unique_id": "AIPA4FHD2YFZBMRNAUYVW"
          },
          "sensitive_attributes": [],
          "private": "eyJzY2hlbWFfdmVyc2lvbiI6IjAifQ==",
          "dependencies": [
            "aws_iam_role.ec2_cloudwatch_role"
          ]
        }
      ]
    },
    {
      "mode": "managed",
      "type": "aws_iam_policy_attachment",
      "name": "cloudwatch_attach",
      "provider": "provider[\"registry.terraform.io/hashicorp/aws\"]",
      "instances": [
        {
          "schema_version": 0,
          "attributes": {
            "groups": [],
            "id": "attach-cloudwatch",
            "name": "attach-cloudwatch",
            "policy_arn": "arn:aws:iam::aws:policy/CloudWatchAgentServerPolicy",
            "roles": [
              "ec2-cloudwatch-role"
            ],
            "users": []
          },
          "sensitive_attributes": [],
          "private": "bnVsbA==",
          "dependencies": [
            "aws_iam_role.ec2_cloudwatch_role"
          ]
        }
      ]
    },
    {
      "mode": "managed",
      "type": "aws_iam_role",
      "name": "ec2_cloudwatch_role",
      "provider": "provider[\"registry.terraform.io/hashicorp/aws\"]",
      "instances": [
        {
          "schema_version": 0,
          "attributes": {
            "arn": "arn:aws:iam::835848946034:role/ec2-cloudwatch-role",
            "assume_role_policy": "{\"Statement\":[{\"Action\":\"sts:AssumeRole\",\"Effect\":\"Allow\",\"Principal\":{\"Service\":\"ec2.amazonaws.com\"}}],\"Version\":\"2012-10-17\"}",
            "create_date": "2025-05-09T11:05:10Z",
            "description": "",
            "force_detach_policies": false,
            "id": "ec2-cloudwatch-role",
            "inline_policy": [],
            "managed_policy_arns": [
              "arn:aws:iam::aws:policy/CloudWatchAgentServerPolicy"
            ],
            "max_session_duration": 3600,
            "name": "ec2-cloudwatch-role",
            "name_prefix": "",
            "path": "/",
            "permissions_boundary": "",
            "tags": {},
            "tags_all": {},
            "unique_id": "AROA4FHD2YFZDWDDKD57E"
          },
          "sensitive_attributes": [],
          "private": "eyJzY2hlbWFfdmVyc2lvbiI6IjAifQ=="
        }
      ]
    },
    {
      "mode": "managed",
      "type": "aws_instance",
      "name": "django_server",
      "provider": "provider[\"registry.terraform.io/hashicorp/aws\"]",
      "instances": [
        {
          "schema_version": 1,
          "attributes": {
            "ami": "ami-0c02fb55956c7d316",
            "arn": "arn:aws:ec2:us-east-1:835848946034:instance/i-0f0db0b1356abc4e7",
            "associate_public_ip_address": true,
            "availability_zone": "us-east-1d",
            "capacity_reservation_specification": [
              {
                "capacity_reservation_preference": "open",
                "capacity_reservation_target": []
              }
            ],
            "cpu_core_count": 1,
            "cpu_options": [
              {
                "amd_sev_snp": "",
                "core_count": 1,
                "threads_per_core": 1
              }
            ],
            "cpu_threads_per_core": 1,
            "credit_specification": [
              {
                "cpu_credits": "standard"
              }
            ],
            "disable_api_stop": false,
            "disable_api_termination": false,
            "ebs_block_device": [],
            "ebs_optimized": false,
            "enable_primary_ipv6": null,
            "enclave_options": [
              {
                "enabled": false
              }
            ],
            "ephemeral_block_device": [],
            "get_password_data": false,
            "hibernation": false,
            "host_id": "",
            "host_resource_group_arn": null,
            "iam_instance_profile": "ec2-cloudwatch-profile",
            "id": "i-0f0db0b1356abc4e7",
            "instance_initiated_shutdown_behavior": "stop",
            "instance_lifecycle": "",
            "instance_market_options": [],
            "instance_state": "running",
            "instance_type": "t2.micro",
            "ipv6_address_count": 0,
            "ipv6_addresses": [],
            "key_name": "django-key",
            "launch_template": [],
            "maintenance_options": [
              {
                "auto_recovery": "default"
              }
            ],
            "metadata_options": [
              {
                "http_endpoint": "enabled",
                "http_protocol_ipv6": "disabled",
                "http_put_response_hop_limit": 1,
                "http_tokens": "optional",
                "instance_metadata_tags": "disabled"
              }
            ],
            "monitoring": false,
            "network_interface": [],
            "outpost_arn": "",
            "password_data": "",
            "placement_group": "",
            "placement_partition_number": 0,
            "primary_network_interface_id": "eni-057bad54a027a4d7c",
            "private_dns": "ip-172-31-93-38.ec2.internal",
            "private_dns_name_options": [
              {
                "enable_resource_name_dns_a_record": false,
                "enable_resource_name_dns_aaaa_record": false,
                "hostname_type": "ip-name"
              }
            ],
            "private_ip": "172.31.93.38",
            "public_dns": "ec2-44-205-251-73.compute-1.amazonaws.com",
            "public_ip": "44.205.251.73",
            "root_block_device": [
              {
                "delete_on_termination": true,
                "device_name": "/dev/xvda",
                "encrypted": false,
                "iops": 100,
                "kms_key_id": "",
                "tags": {},
                "tags_all": {},
                "throughput": 0,
                "volume_id": "vol-0f96e71485ae79463",
                "volume_size": 8,
                "volume_type": "gp2"
              }
            ],
            "secondary_private_ips": [],
            "security_groups": [
              "django-sg20250509124603834900000001"
            ],
            "source_dest_check": true,
            "spot_instance_request_id": "",
            "subnet_id": "subnet-084f365a2a0a9aa4c",
            "tags": {
              "Name": "DjangoServer"
            },
            "tags_all": {
              "Name": "DjangoServer"
            },
            "tenancy": "default",
            "timeouts": null,
            "user_data": "31060886aa7f12e2d6017f5a1b9b2bc64b1db7d5",
            "user_data_base64": null,
            "user_data_replace_on_change": false,
            "volume_tags": null,
            "vpc_security_group_ids": [
              "sg-0a30e6b2744b8b981"
            ]
          },
          "sensitive_attributes": [],
          "private": "eyJlMmJmYjczMC1lY2FhLTExZTYtOGY4OC0zNDM2M2JjN2M0YzAiOnsiY3JlYXRlIjo2MDAwMDAwMDAwMDAsImRlbGV0ZSI6MTIwMDAwMDAwMDAwMCwicmVhZCI6OTAwMDAwMDAwMDAwLCJ1cGRhdGUiOjYwMDAwMDAwMDAwMH0sInNjaGVtYV92ZXJzaW9uIjoiMSJ9",
          "dependencies": [
            "aws_iam_instance_profile.ec2_profile",
            "aws_iam_role.ec2_cloudwatch_role",
            "aws_security_group.django_sg"
          ]
        }
      ]
    },
    {
      "mode": "managed",
      "type": "aws_key_pair",
      "name": "deployer",
      "provider": "provider[\"registry.terraform.io/hashicorp/aws\"]",
      "instances": [
        {
          "schema_version": 1,
          "attributes": {
            "arn": "arn:aws:ec2:us-east-1:835848946034:key-pair/django-key",
            "fingerprint": "f3:e6:c5:16:81:78:e8:97:51:b0:1e:cb:10:ee:c0:45",
            "id": "django-key",
            "key_name": "django-key",
            "key_name_prefix": "",
            "key_pair_id": "key-022e8549c05cca4d7",
            "key_type": "rsa",
            "public_key": "ssh-rsa AAAAB3NzaC1yc2EAAAADAQABAAACAQCvQqxwiiOiXF1AIuK0yWkZ7w/Yt+rK8sK7W9VTsJFg5Hbqrm0T2f4oAo8BvmSm0A5qeRiG6fR+BXrb73y+scQa5QZavemH6+dS+W/dSpQDTUNAol7JEFsUwojjV8k0OpFql06nEX33sMXJ+huwVwYhjCUL2kdmH9hCM0+cFmQhyaitcyIlQlyNyyG8Ly1qEqx6ywJcgOjMvsUQ0VheWfLwvP8MwxoRpxU08MW+eJGenx1ZgqzLjpfONlH6K376yFsJ2E4wL6IJj0BQzST8AgaGo6fPnQ5yPCnshSOI1FguA9c40x0YBiI7lqiQQes/gM6u5WxN8dRLSh9j30GDjlyPAtiTRMw0NJ4tQQ38P3tx4kRerwrv5zjZmz2/GXzQYd4W5GphEXoV8KBEeyhsWEUAQVzssT59x7wKzixQOI8LJTek98G1eqnX5r/gNOwXXomKUszrki9GYV7PGHuGLpecOxjiJcbk5BSQoxZTVeC6s46R0LiunYDVXbY+cx/EotyuW5lqKfGQkZFMAS6Mm3PR0LC1HgHfs8sFl2pMEC98AFwvNvklvjrvITNGAO6oRLmp4P2xNQBs9sNbkb6NJ+uObtf8BgRkjN6xB2YePvraF8rjrl99LTyBXnb9pEiQh5eJNqblKuot/6ps2MOtN5iL6sCKtof8D4yP7pwECGW5aQ== user@DESKTOP-4UO632C",
            "tags": {},
            "tags_all": {}
          },
          "sensitive_attributes": [],
          "private": "eyJzY2hlbWFfdmVyc2lvbiI6IjEifQ=="
        }
      ]
    },
    {
      "mode": "managed",
      "type": "aws_security_group",
      "name": "django_sg",
      "provider": "provider[\"registry.terraform.io/hashicorp/aws\"]",
      "instances": [
        {
          "schema_version": 1,
          "attributes": {
            "arn": "arn:aws:ec2:us-east-1:835848946034:security-group/sg-0a30e6b2744b8b981",
            "description": "Managed by Terraform",
            "egress": [
              {
                "cidr_blocks": [
                  "0.0.0.0/0"
                ],
                "description": "",
                "from_port": 0,
                "ipv6_cidr_blocks": [],
                "prefix_list_ids": [],
                "protocol": "-1",
                "security_groups": [],
                "self": false,
                "to_port": 0
              }
            ],
            "id": "sg-0a30e6b2744b8b981",
            "ingress": [
              {
                "cidr_blocks": [
                  "0.0.0.0/0"
                ],
                "description": "",
                "from_port": 22,
                "ipv6_cidr_blocks": [],
                "prefix_list_ids": [],
                "protocol": "tcp",
                "security_groups": [],
                "self": false,
                "to_port": 22
              },
              {
                "cidr_blocks": [
                  "0.0.0.0/0"
                ],
                "description": "",
                "from_port": 8000,
                "ipv6_cidr_blocks": [],
                "prefix_list_ids": [],
                "protocol": "tcp",
                "security_groups": [],
                "self": false,
                "to_port": 8000
              }
            ],
            "name": "django-sg20250509124603834900000001",
            "name_prefix": "django-sg",
            "owner_id": "835848946034",
            "revoke_rules_on_delete": false,
            "tags": {},
            "tags_all": {},
            "timeouts": null,
            "vpc_id": "vpc-00520b7496636f0d3"
          },
          "sensitive_attributes": [],
          "private": "eyJlMmJmYjczMC1lY2FhLTExZTYtOGY4OC0zNDM2M2JjN2M0YzAiOnsiY3JlYXRlIjo2MDAwMDAwMDAwMDAsImRlbGV0ZSI6OTAwMDAwMDAwMDAwfSwic2NoZW1hX3ZlcnNpb24iOiIxIn0="
        }
      ]
    }
  ],
  "check_results": null
}
